
Microsoft Visual Studio Solution File, Format Version 12.00
# Visual Studio Version 17
VisualStudioVersion = 17.8.34330.188
MinimumVisualStudioVersion = 10.0.40219.1
Project("{FAE04EC0-301F-11D3-BF4B-00C04F79EFBC}") = "P1001", "P1001\P1001.csproj", "{7824659B-DCE1-459F-BE17-7DCB911C6CEA}"
EndProject
Global
	GlobalSection(SolutionConfigurationPlatforms) = preSolution
		Debug|Any CPU = Debug|Any CPU
		Release|Any CPU = Release|Any CPU
	EndGlobalSection
	GlobalSection(ProjectConfigurationPlatforms) = postSolution
		{7824659B-DCE1-459F-BE17-7DCB911C6CEA}.Debug|Any CPU.ActiveCfg = Debug|Any CPU
		{7824659B-DCE1-459F-BE17-7DCB911C6CEA}.Debug|Any CPU.Build.0 = Debug|Any CPU
		{7824659B-DCE1-459F-BE17-7DCB911C6CEA}.Release|Any CPU.ActiveCfg = Release|Any CPU
		{7824659B-DCE1-459F-BE17-7DCB911C6CEA}.Release|Any CPU.Build.0 = Release|Any CPU
	EndGlobalSection
	GlobalSection(SolutionProperties) = preSolution
		HideSolutionNode = FALSE
	EndGlobalSection
	GlobalSection(ExtensibilityGlobals) = postSolution
		SolutionGuid = {47326003-37FF-4407-B447-D4DC08480420}
	EndGlobalSection
EndGlobal
