
Microsoft Visual Studio Solution File, Format Version 12.00
# Visual Studio Version 17
VisualStudioVersion = 17.8.34330.188
MinimumVisualStudioVersion = 10.0.40219.1
Project("{FAE04EC0-301F-11D3-BF4B-00C04F79EFBC}") = "P1002", "P1002\P1002.csproj", "{7A0338ED-1B0F-4D0E-A616-82571C2377D6}"
EndProject
Global
	GlobalSection(SolutionConfigurationPlatforms) = preSolution
		Debug|Any CPU = Debug|Any CPU
		Release|Any CPU = Release|Any CPU
	EndGlobalSection
	GlobalSection(ProjectConfigurationPlatforms) = postSolution
		{7A0338ED-1B0F-4D0E-A616-82571C2377D6}.Debug|Any CPU.ActiveCfg = Debug|Any CPU
		{7A0338ED-1B0F-4D0E-A616-82571C2377D6}.Debug|Any CPU.Build.0 = Debug|Any CPU
		{7A0338ED-1B0F-4D0E-A616-82571C2377D6}.Release|Any CPU.ActiveCfg = Release|Any CPU
		{7A0338ED-1B0F-4D0E-A616-82571C2377D6}.Release|Any CPU.Build.0 = Release|Any CPU
	EndGlobalSection
	GlobalSection(SolutionProperties) = preSolution
		HideSolutionNode = FALSE
	EndGlobalSection
	GlobalSection(ExtensibilityGlobals) = postSolution
		SolutionGuid = {BA58B6CA-768B-4BC1-BC44-E2585D7D45AF}
	EndGlobalSection
EndGlobal
